
Microsoft Visual Studio Solution File, Format Version 12.00
Project("{FAE04EC0-301F-11D3-BF4B-00C04F79EFBC}") = "CardTrick", "CardTrick\CardTrick.csproj", "{E4552FCA-AB8A-43A2-8934-524BD924203F}"
EndProject
Global
	GlobalSection(SolutionConfigurationPlatforms) = preSolution
		Debug|Any CPU = Debug|Any CPU
		Release|Any CPU = Release|Any CPU
	EndGlobalSection
	GlobalSection(ProjectConfigurationPlatforms) = postSolution
		{E4552FCA-AB8A-43A2-8934-524BD924203F}.Debug|Any CPU.ActiveCfg = Debug|Any CPU
		{E4552FCA-AB8A-43A2-8934-524BD924203F}.Debug|Any CPU.Build.0 = Debug|Any CPU
		{E4552FCA-AB8A-43A2-8934-524BD924203F}.Release|Any CPU.ActiveCfg = Release|Any CPU
		{E4552FCA-AB8A-43A2-8934-524BD924203F}.Release|Any CPU.Build.0 = Release|Any CPU
	EndGlobalSection
EndGlobal
